// !$*UTF8*$!
{
	archiveVersion = 1;
	classes = {
	};
	objectVersion = 46;
	objects = {

/* Begin PBXBuildFile section */
		67FFB8B41DBB52C300B13DDE /* main.m in Sources */ = {isa = PBXBuildFile; fileRef = 67FFB8B31DBB52C300B13DDE /* main.m */; };
		67FFB8B71DBB52C300B13DDE /* AppDelegate.m in Sources */ = {isa = PBXBuildFile; fileRef = 67FFB8B61DBB52C300B13DDE /* AppDelegate.m */; };
		67FFB8BA1DBB52C300B13DDE /* ViewController.m in Sources */ = {isa = PBXBuildFile; fileRef = 67FFB8B91DBB52C300B13DDE /* ViewController.m */; };
		67FFB8BD1DBB52C300B13DDE /* Main.storyboard in Resources */ = {isa = PBXBuildFile; fileRef = 67FFB8BB1DBB52C300B13DDE /* Main.storyboard */; };
		67FFB8BF1DBB52C300B13DDE /* Assets.xcassets in Resources */ = {isa = PBXBuildFile; fileRef = 67FFB8BE1DBB52C300B13DDE /* Assets.xcassets */; };
		67FFB8C21DBB52C300B13DDE /* LaunchScreen.storyboard in Resources */ = {isa = PBXBuildFile; fileRef = 67FFB8C01DBB52C300B13DDE /* LaunchScreen.storyboard */; };
		67FFB8D11DBB568500B13DDE /* arrow-left.png in Resources */ = {isa = PBXBuildFile; fileRef = 67FFB8CA1DBB568500B13DDE /* arrow-left.png */; };
		67FFB8D21DBB568500B13DDE /* arrowDown_bule.png in Resources */ = {isa = PBXBuildFile; fileRef = 67FFB8CB1DBB568500B13DDE /* arrowDown_bule.png */; };
		67FFB8D31DBB568500B13DDE /* arrowDown_gray.png in Resources */ = {isa = PBXBuildFile; fileRef = 67FFB8CC1DBB568500B13DDE /* arrowDown_gray.png */; };
		67FFB8D41DBB568500B13DDE /* close.png in Resources */ = {isa = PBXBuildFile; fileRef = 67FFB8CD1DBB568500B13DDE /* close.png */; };
		67FFB8D51DBB568500B13DDE /* dropBox.png in Resources */ = {isa = PBXBuildFile; fileRef = 67FFB8CE1DBB568500B13DDE /* dropBox.png */; };
		67FFB8D61DBB568500B13DDE /* search.png in Resources */ = {isa = PBXBuildFile; fileRef = 67FFB8CF1DBB568500B13DDE /* search.png */; };
		67FFB8D71DBB568500B13DDE /* searchBG.png in Resources */ = {isa = PBXBuildFile; fileRef = 67FFB8D01DBB568500B13DDE /* searchBG.png */; };
/* End PBXBuildFile section */

/* Begin PBXFileReference section */
		67FFB8AF1DBB52C300B13DDE /* cn.com.fcrow.app */ = {isa = PBXFileReference; explicitFileType = wrapper.application; includeInIndex = 0; path = cn.com.fcrow.app; sourceTree = BUILT_PRODUCTS_DIR; };
		67FFB8B31DBB52C300B13DDE /* main.m */ = {isa = PBXFileReference; lastKnownFileType = sourcecode.c.objc; path = main.m; sourceTree = "<group>"; };
		67FFB8B51DBB52C300B13DDE /* AppDelegate.h */ = {isa = PBXFileReference; lastKnownFileType = sourcecode.c.h; path = AppDelegate.h; sourceTree = "<group>"; };
		67FFB8B61DBB52C300B13DDE /* AppDelegate.m */ = {isa = PBXFileReference; lastKnownFileType = sourcecode.c.objc; path = AppDelegate.m; sourceTree = "<group>"; };
		67FFB8B81DBB52C300B13DDE /* ViewController.h */ = {isa = PBXFileReference; lastKnownFileType = sourcecode.c.h; path = ViewController.h; sourceTree = "<group>"; };
		67FFB8B91DBB52C300B13DDE /* ViewController.m */ = {isa = PBXFileReference; lastKnownFileType = sourcecode.c.objc; path = ViewController.m; sourceTree = "<group>"; };
		67FFB8BC1DBB52C300B13DDE /* Base */ = {isa = PBXFileReference; lastKnownFileType = file.storyboard; name = Base; path = Base.lproj/Main.storyboard; sourceTree = "<group>"; };
		67FFB8BE1DBB52C300B13DDE /* Assets.xcassets */ = {isa = PBXFileReference; lastKnownFileType = folder.assetcatalog; path = Assets.xcassets; sourceTree = "<group>"; };
		67FFB8C11DBB52C300B13DDE /* Base */ = {isa = PBXFileReference; lastKnownFileType = file.storyboard; name = Base; path = Base.lproj/LaunchScreen.storyboard; sourceTree = "<group>"; };
		67FFB8C31DBB52C300B13DDE /* Info.plist */ = {isa = PBXFileReference; lastKnownFileType = text.plist.xml; path = Info.plist; sourceTree = "<group>"; };
		67FFB8CA1DBB568500B13DDE /* arrow-left.png */ = {isa = PBXFileReference; lastKnownFileType = image.png; path = "arrow-left.png"; sourceTree = "<group>"; };
		67FFB8CB1DBB568500B13DDE /* arrowDown_bule.png */ = {isa = PBXFileReference; lastKnownFileType = image.png; path = arrowDown_bule.png; sourceTree = "<group>"; };
		67FFB8CC1DBB568500B13DDE /* arrowDown_gray.png */ = {isa = PBXFileReference; lastKnownFileType = image.png; path = arrowDown_gray.png; sourceTree = "<group>"; };
		67FFB8CD1DBB568500B13DDE /* close.png */ = {isa = PBXFileReference; lastKnownFileType = image.png; path = close.png; sourceTree = "<group>"; };
		67FFB8CE1DBB568500B13DDE /* dropBox.png */ = {isa = PBXFileReference; lastKnownFileType = image.png; path = dropBox.png; sourceTree = "<group>"; };
		67FFB8CF1DBB568500B13DDE /* search.png */ = {isa = PBXFileReference; lastKnownFileType = image.png; path = search.png; sourceTree = "<group>"; };
		67FFB8D01DBB568500B13DDE /* searchBG.png */ = {isa = PBXFileReference; lastKnownFileType = image.png; path = searchBG.png; sourceTree = "<group>"; };
/* End PBXFileReference section */

/* Begin PBXFrameworksBuildPhase section */
		67FFB8AC1DBB52C300B13DDE /* Frameworks */ = {
			isa = PBXFrameworksBuildPhase;
			buildActionMask = 2147483647;
			files = (
			);
			runOnlyForDeploymentPostprocessing = 0;
		};
/* End PBXFrameworksBuildPhase section */

/* Begin PBXGroup section */
		67FFB8A61DBB52C300B13DDE = {
			isa = PBXGroup;
			children = (
				67FFB8C91DBB54E300B13DDE /* resources */,
				67FFB8B11DBB52C300B13DDE /* cn.com.fcrow */,
				67FFB8B01DBB52C300B13DDE /* Products */,
			);
			sourceTree = "<group>";
		};
		67FFB8B01DBB52C300B13DDE /* Products */ = {
			isa = PBXGroup;
			children = (
				67FFB8AF1DBB52C300B13DDE /* cn.com.fcrow.app */,
			);
			name = Products;
			sourceTree = "<group>";
		};
		67FFB8B11DBB52C300B13DDE /* cn.com.fcrow */ = {
			isa = PBXGroup;
			children = (
				67FFB8B51DBB52C300B13DDE /* AppDelegate.h */,
				67FFB8B61DBB52C300B13DDE /* AppDelegate.m */,
				67FFB8B81DBB52C300B13DDE /* ViewController.h */,
				67FFB8B91DBB52C300B13DDE /* ViewController.m */,
				67FFB8BB1DBB52C300B13DDE /* Main.storyboard */,
				67FFB8BE1DBB52C300B13DDE /* Assets.xcassets */,
				67FFB8C01DBB52C300B13DDE /* LaunchScreen.storyboard */,
				67FFB8C31DBB52C300B13DDE /* Info.plist */,
				67FFB8B21DBB52C300B13DDE /* Supporting Files */,
			);
			path = cn.com.fcrow;
			sourceTree = "<group>";
		};
		67FFB8B21DBB52C300B13DDE /* Supporting Files */ = {
			isa = PBXGroup;
			children = (
				67FFB8B31DBB52C300B13DDE /* main.m */,
			);
			name = "Supporting Files";
			sourceTree = "<group>";
		};
		67FFB8C91DBB54E300B13DDE /* resources */ = {
			isa = PBXGroup;
			children = (
				67FFB8CA1DBB568500B13DDE /* arrow-left.png */,
				67FFB8CB1DBB568500B13DDE /* arrowDown_bule.png */,
				67FFB8CC1DBB568500B13DDE /* arrowDown_gray.png */,
				67FFB8CD1DBB568500B13DDE /* close.png */,
				67FFB8CE1DBB568500B13DDE /* dropBox.png */,
				67FFB8CF1DBB568500B13DDE /* search.png */,
				67FFB8D01DBB568500B13DDE /* searchBG.png */,
			);
			name = resources;
			sourceTree = "<group>";
		};
/* End PBXGroup section */

/* Begin PBXNativeTarget section */
		67FFB8AE1DBB52C300B13DDE /* cn.com.fcrow */ = {
			isa = PBXNativeTarget;
			buildConfigurationList = 67FFB8C61DBB52C300B13DDE /* Build configuration list for PBXNativeTarget "cn.com.fcrow" */;
			buildPhases = (
				67FFB8AB1DBB52C300B13DDE /* Sources */,
				67FFB8AC1DBB52C300B13DDE /* Frameworks */,
				67FFB8AD1DBB52C300B13DDE /* Resources */,
			);
			buildRules = (
			);
			dependencies = (
			);
			name = cn.com.fcrow;
			productName = cn.com.fcrow;
			productReference = 67FFB8AF1DBB52C300B13DDE /* cn.com.fcrow.app */;
			productType = "com.apple.product-type.application";
		};
/* End PBXNativeTarget section */

/* Begin PBXProject section */
		67FFB8A71DBB52C300B13DDE /* Project object */ = {
			isa = PBXProject;
			attributes = {
				LastUpgradeCheck = 0800;
				ORGANIZATIONNAME = Fcrow;
				TargetAttributes = {
					67FFB8AE1DBB52C300B13DDE = {
						CreatedOnToolsVersion = 8.0;
						DevelopmentTeam = VWE7QXJRMJ;
						ProvisioningStyle = Automatic;
					};
				};
			};
			buildConfigurationList = 67FFB8AA1DBB52C300B13DDE /* Build configuration list for PBXProject "cn.com.fcrow" */;
			compatibilityVersion = "Xcode 3.2";
			developmentRegion = English;
			hasScannedForEncodings = 0;
			knownRegions = (
				en,
				Base,
			);
			mainGroup = 67FFB8A61DBB52C300B13DDE;
			productRefGroup = 67FFB8B01DBB52C300B13DDE /* Products */;
			projectDirPath = "";
			projectRoot = "";
			targets = (
				67FFB8AE1DBB52C300B13DDE /* cn.com.fcrow */,
			);
		};
/* End PBXProject section */

/* Begin PBXResourcesBuildPhase section */
		67FFB8AD1DBB52C300B13DDE /* Resources */ = {
			isa = PBXResourcesBuildPhase;
			buildActionMask = 2147483647;
			files = (
				67FFB8D21DBB568500B13DDE /* arrowDown_bule.png in Resources */,
				67FFB8D61DBB568500B13DDE /* search.png in Resources */,
				67FFB8D11DBB568500B13DDE /* arrow-left.png in Resources */,
				67FFB8D31DBB568500B13DDE /* arrowDown_gray.png in Resources */,
				67FFB8C21DBB52C300B13DDE /* LaunchScreen.storyboard in Resources */,
				67FFB8D51DBB568500B13DDE /* dropBox.png in Resources */,
				67FFB8D71DBB568500B13DDE /* searchBG.png in Resources */,
				67FFB8D41DBB568500B13DDE /* close.png in Resources */,
				67FFB8BF1DBB52C300B13DDE /* Assets.xcassets in Resources */,
				67FFB8BD1DBB52C300B13DDE /* Main.storyboard in Resources */,
			);
			runOnlyForDeploymentPostprocessing = 0;
		};
/* End PBXResourcesBuildPhase section */

/* Begin PBXSourcesBuildPhase section */
		67FFB8AB1DBB52C300B13DDE /* Sources */ = {
			isa = PBXSourcesBuildPhase;
			buildActionMask = 2147483647;
			files = (
				67FFB8BA1DBB52C300B13DDE /* ViewController.m in Sources */,
				67FFB8B71DBB52C300B13DDE /* AppDelegate.m in Sources */,
				67FFB8B41DBB52C300B13DDE /* main.m in Sources */,
			);
			runOnlyForDeploymentPostprocessing = 0;
		};
/* End PBXSourcesBuildPhase section */

/* Begin PBXVariantGroup section */
		67FFB8BB1DBB52C300B13DDE /* Main.storyboard */ = {
			isa = PBXVariantGroup;
			children = (
				67FFB8BC1DBB52C300B13DDE /* Base */,
			);
			name = Main.storyboard;
			sourceTree = "<group>";
		};
		67FFB8C01DBB52C300B13DDE /* LaunchScreen.storyboard */ = {
			isa = PBXVariantGroup;
			children = (
				67FFB8C11DBB52C300B13DDE /* Base */,
			);
			name = LaunchScreen.storyboard;
			sourceTree = "<group>";
		};
/* End PBXVariantGroup section */

/* Begin XCBuildConfiguration section */
		67FFB8C41DBB52C300B13DDE /* Debug */ = {
			isa = XCBuildConfiguration;
			buildSettings = {
				ALWAYS_SEARCH_USER_PATHS = NO;
				CLANG_ANALYZER_NONNULL = YES;
				CLANG_CXX_LANGUAGE_STANDARD = "gnu++0x";
				CLANG_CXX_LIBRARY = "libc++";
				CLANG_ENABLE_MODULES = YES;
				CLANG_ENABLE_OBJC_ARC = YES;
				CLANG_WARN_BOOL_CONVERSION = YES;
				CLANG_WARN_CONSTANT_CONVERSION = YES;
				CLANG_WARN_DIRECT_OBJC_ISA_USAGE = YES_ERROR;
				CLANG_WARN_DOCUMENTATION_COMMENTS = YES;
				CLANG_WARN_EMPTY_BODY = YES;
				CLANG_WARN_ENUM_CONVERSION = YES;
				CLANG_WARN_INFINITE_RECURSION = YES;
				CLANG_WARN_INT_CONVERSION = YES;
				CLANG_WARN_OBJC_ROOT_CLASS = YES_ERROR;
				CLANG_WARN_SUSPICIOUS_MOVES = YES;
				CLANG_WARN_UNREACHABLE_CODE = YES;
				CLANG_WARN__DUPLICATE_METHOD_MATCH = YES;
				"CODE_SIGN_IDENTITY[sdk=iphoneos*]" = "iPhone Developer";
				COPY_PHASE_STRIP = NO;
				DEBUG_INFORMATION_FORMAT = dwarf;
				ENABLE_STRICT_OBJC_MSGSEND = YES;
				ENABLE_TESTABILITY = YES;
				GCC_C_LANGUAGE_STANDARD = gnu99;
				GCC_DYNAMIC_NO_PIC = NO;
				GCC_NO_COMMON_BLOCKS = YES;
				GCC_OPTIMIZATION_LEVEL = 0;
				GCC_PREPROCESSOR_DEFINITIONS = (
					"DEBUG=1",
					"$(inherited)",
				);
				GCC_WARN_64_TO_32_BIT_CONVERSION = YES;
				GCC_WARN_ABOUT_RETURN_TYPE = YES_ERROR;
				GCC_WARN_UNDECLARED_SELECTOR = YES;
				GCC_WARN_UNINITIALIZED_AUTOS = YES_AGGRESSIVE;
				GCC_WARN_UNUSED_FUNCTION = YES;
				GCC_WARN_UNUSED_VARIABLE = YES;
				IPHONEOS_DEPLOYMENT_TARGET = 10.0;
				MTL_ENABLE_DEBUG_INFO = YES;
				ONLY_ACTIVE_ARCH = YES;
				SDKROOT = iphoneos;
			};
			name = Debug;
		};
		67FFB8C51DBB52C300B13DDE /* Release */ = {
			isa = XCBuildConfiguration;
			buildSettings = {
				ALWAYS_SEARCH_USER_PATHS = NO;
				CLANG_ANALYZER_NONNULL = YES;
				CLANG_CXX_LANGUAGE_STANDARD = "gnu++0x";
				CLANG_CXX_LIBRARY = "libc++";
				CLANG_ENABLE_MODULES = YES;
				CLANG_ENABLE_OBJC_ARC = YES;
				CLANG_WARN_BOOL_CONVERSION = YES;
				CLANG_WARN_CONSTANT_CONVERSION = YES;
				CLANG_WARN_DIRECT_OBJC_ISA_USAGE = YES_ERROR;
				CLANG_WARN_DOCUMENTATION_COMMENTS = YES;
				CLANG_WARN_EMPTY_BODY = YES;
				CLANG_WARN_ENUM_CONVERSION = YES;
				CLANG_WARN_INFINITE_RECURSION = YES;
				CLANG_WARN_INT_CONVERSION = YES;
				CLANG_WARN_OBJC_ROOT_CLASS = YES_ERROR;
				CLANG_WARN_SUSPICIOUS_MOVES = YES;
				CLANG_WARN_UNREACHABLE_CODE = YES;
				CLANG_WARN__DUPLICATE_METHOD_MATCH = YES;
				"CODE_SIGN_IDENTITY[sdk=iphoneos*]" = "iPhone Developer";
				COPY_PHASE_STRIP = NO;
				DEBUG_INFORMATION_FORMAT = "dwarf-with-dsym";
				ENABLE_NS_ASSERTIONS = NO;
				ENABLE_STRICT_OBJC_MSGSEND = YES;
				GCC_C_LANGUAGE_STANDARD = gnu99;
				GCC_NO_COMMON_BLOCKS = YES;
				GCC_WARN_64_TO_32_BIT_CONVERSION = YES;
				GCC_WARN_ABOUT_RETURN_TYPE = YES_ERROR;
				GCC_WARN_UNDECLARED_SELECTOR = YES;
				GCC_WARN_UNINITIALIZED_AUTOS = YES_AGGRESSIVE;
				GCC_WARN_UNUSED_FUNCTION = YES;
				GCC_WARN_UNUSED_VARIABLE = YES;
				IPHONEOS_DEPLOYMENT_TARGET = 10.0;
				MTL_ENABLE_DEBUG_INFO = NO;
				SDKROOT = iphoneos;
				VALIDATE_PRODUCT = YES;
			};
			name = Release;
		};
		67FFB8C71DBB52C300B13DDE /* Debug */ = {
			isa = XCBuildConfiguration;
			buildSettings = {
				ASSETCATALOG_COMPILER_APPICON_NAME = AppIcon;
				DEVELOPMENT_TEAM = VWE7QXJRMJ;
				INFOPLIST_FILE = cn.com.fcrow/Info.plist;
				LD_RUNPATH_SEARCH_PATHS = "$(inherited) @executable_path/Frameworks";
				PRODUCT_BUNDLE_IDENTIFIER = "-1.cn-com-fcrow";
				PRODUCT_NAME = "$(TARGET_NAME)";
			};
			name = Debug;
		};
		67FFB8C81DBB52C300B13DDE /* Release */ = {
			isa = XCBuildConfiguration;
			buildSettings = {
				ASSETCATALOG_COMPILER_APPICON_NAME = AppIcon;
				DEVELOPMENT_TEAM = VWE7QXJRMJ;
				INFOPLIST_FILE = cn.com.fcrow/Info.plist;
				LD_RUNPATH_SEARCH_PATHS = "$(inherited) @executable_path/Frameworks";
				PRODUCT_BUNDLE_IDENTIFIER = "-1.cn-com-fcrow";
				PRODUCT_NAME = "$(TARGET_NAME)";
			};
			name = Release;
		};
/* End XCBuildConfiguration section */

/* Begin XCConfigurationList section */
		67FFB8AA1DBB52C300B13DDE /* Build configuration list for PBXProject "cn.com.fcrow" */ = {
			isa = XCConfigurationList;
			buildConfigurations = (
				67FFB8C41DBB52C300B13DDE /* Debug */,
				67FFB8C51DBB52C300B13DDE /* Release */,
			);
			defaultConfigurationIsVisible = 0;
			defaultConfigurationName = Release;
		};
		67FFB8C61DBB52C300B13DDE /* Build configuration list for PBXNativeTarget "cn.com.fcrow" */ = {
			isa = XCConfigurationList;
			buildConfigurations = (
				67FFB8C71DBB52C300B13DDE /* Debug */,
				67FFB8C81DBB52C300B13DDE /* Release */,
			);
			defaultConfigurationIsVisible = 0;
		};
/* End XCConfigurationList section */
	};
	rootObject = 67FFB8A71DBB52C300B13DDE /* Project object */;
}
